// !$*UTF8*$!
{
	archiveVersion = 1;
	classes = {
	};
	objectVersion = 48;
	objects = {

/* Begin PBXBuildFile section */
		2EA81FC04BF228E54E1BCE75 /* Pods_PodfileTester.framework in Frameworks */ = {isa = PBXBuildFile; fileRef = 1265CB0687053E75ECF4373A /* Pods_PodfileTester.framework */; };
		F6F63ADD20169F5D005582D7 /* AppDelegate.swift in Sources */ = {isa = PBXBuildFile; fileRef = F6F63ADC20169F5D005582D7 /* AppDelegate.swift */; };
		F6F63ADF20169F5E005582D7 /* ViewController.swift in Sources */ = {isa = PBXBuildFile; fileRef = F6F63ADE20169F5E005582D7 /* ViewController.swift */; };
		F6F63AE220169F5E005582D7 /* Main.storyboard in Resources */ = {isa = PBXBuildFile; fileRef = F6F63AE020169F5E005582D7 /* Main.storyboard */; };
		F6F63AE420169F5E005582D7 /* Assets.xcassets in Resources */ = {isa = PBXBuildFile; fileRef = F6F63AE320169F5E005582D7 /* Assets.xcassets */; };
		F6F63AE720169F5E005582D7 /* LaunchScreen.storyboard in Resources */ = {isa = PBXBuildFile; fileRef = F6F63AE520169F5E005582D7 /* LaunchScreen.storyboard */; };
		F6F63AF12016A073005582D7 /* Podfile in Resources */ = {isa = PBXBuildFile; fileRef = F6F63AF02016A073005582D7 /* Podfile */; };
/* End PBXBuildFile section */

/* Begin PBXFileReference section */
		1265CB0687053E75ECF4373A /* Pods_PodfileTester.framework */ = {isa = PBXFileReference; explicitFileType = wrapper.framework; includeInIndex = 0; path = Pods_PodfileTester.framework; sourceTree = BUILT_PRODUCTS_DIR; };
		277F22599C479FD04CB19223 /* Pods-PodfileTester.release.xcconfig */ = {isa = PBXFileReference; includeInIndex = 1; lastKnownFileType = text.xcconfig; name = "Pods-PodfileTester.release.xcconfig"; path = "Pods/Target Support Files/Pods-PodfileTester/Pods-PodfileTester.release.xcconfig"; sourceTree = "<group>"; };
		AADAFE53AD6C422A02D3DD77 /* Pods-PodfileTester.debug.xcconfig */ = {isa = PBXFileReference; includeInIndex = 1; lastKnownFileType = text.xcconfig; name = "Pods-PodfileTester.debug.xcconfig"; path = "Pods/Target Support Files/Pods-PodfileTester/Pods-PodfileTester.debug.xcconfig"; sourceTree = "<group>"; };
		F6F63AD920169F5D005582D7 /* PodfileTester.app */ = {isa = PBXFileReference; explicitFileType = wrapper.application; includeInIndex = 0; path = PodfileTester.app; sourceTree = BUILT_PRODUCTS_DIR; };
		F6F63ADC20169F5D005582D7 /* AppDelegate.swift */ = {isa = PBXFileReference; lastKnownFileType = sourcecode.swift; path = AppDelegate.swift; sourceTree = "<group>"; };
		F6F63ADE20169F5E005582D7 /* ViewController.swift */ = {isa = PBXFileReference; lastKnownFileType = sourcecode.swift; path = ViewController.swift; sourceTree = "<group>"; };
		F6F63AE120169F5E005582D7 /* Base */ = {isa = PBXFileReference; lastKnownFileType = file.storyboard; name = Base; path = Base.lproj/Main.storyboard; sourceTree = "<group>"; };
		F6F63AE320169F5E005582D7 /* Assets.xcassets */ = {isa = PBXFileReference; lastKnownFileType = folder.assetcatalog; path = Assets.xcassets; sourceTree = "<group>"; };
		F6F63AE620169F5E005582D7 /* Base */ = {isa = PBXFileReference; lastKnownFileType = file.storyboard; name = Base; path = Base.lproj/LaunchScreen.storyboard; sourceTree = "<group>"; };
		F6F63AE820169F5E005582D7 /* Info.plist */ = {isa = PBXFileReference; lastKnownFileType = text.plist.xml; path = Info.plist; sourceTree = "<group>"; };
		F6F63AF02016A073005582D7 /* Podfile */ = {isa = PBXFileReference; fileEncoding = 4; lastKnownFileType = text; path = Podfile; sourceTree = "<group>"; };
/* End PBXFileReference section */

/* Begin PBXFrameworksBuildPhase section */
		F6F63AD620169F5D005582D7 /* Frameworks */ = {
			isa = PBXFrameworksBuildPhase;
			buildActionMask = 2147483647;
			files = (
				2EA81FC04BF228E54E1BCE75 /* Pods_PodfileTester.framework in Frameworks */,
			);
			runOnlyForDeploymentPostprocessing = 0;
		};
/* End PBXFrameworksBuildPhase section */

/* Begin PBXGroup section */
		857D43325CA2E1642A0292C5 /* Frameworks */ = {
			isa = PBXGroup;
			children = (
				1265CB0687053E75ECF4373A /* Pods_PodfileTester.framework */,
			);
			name = Frameworks;
			sourceTree = "<group>";
		};
		88058743961A5CC0E9DF3FBE /* Pods */ = {
			isa = PBXGroup;
			children = (
				AADAFE53AD6C422A02D3DD77 /* Pods-PodfileTester.debug.xcconfig */,
				277F22599C479FD04CB19223 /* Pods-PodfileTester.release.xcconfig */,
			);
			name = Pods;
			sourceTree = "<group>";
		};
		F6F63AD020169F5D005582D7 = {
			isa = PBXGroup;
			children = (
				F6F63AF02016A073005582D7 /* Podfile */,
				F6F63ADB20169F5D005582D7 /* PodfileTester */,
				F6F63ADA20169F5D005582D7 /* Products */,
				88058743961A5CC0E9DF3FBE /* Pods */,
				857D43325CA2E1642A0292C5 /* Frameworks */,
			);
			sourceTree = "<group>";
		};
		F6F63ADA20169F5D005582D7 /* Products */ = {
			isa = PBXGroup;
			children = (
				F6F63AD920169F5D005582D7 /* PodfileTester.app */,
			);
			name = Products;
			sourceTree = "<group>";
		};
		F6F63ADB20169F5D005582D7 /* PodfileTester */ = {
			isa = PBXGroup;
			children = (
				F6F63ADC20169F5D005582D7 /* AppDelegate.swift */,
				F6F63ADE20169F5E005582D7 /* ViewController.swift */,
				F6F63AE020169F5E005582D7 /* Main.storyboard */,
				F6F63AE320169F5E005582D7 /* Assets.xcassets */,
				F6F63AE520169F5E005582D7 /* LaunchScreen.storyboard */,
				F6F63AE820169F5E005582D7 /* Info.plist */,
			);
			path = PodfileTester;
			sourceTree = "<group>";
		};
/* End PBXGroup section */

/* Begin PBXNativeTarget section */
		F6F63AD820169F5D005582D7 /* PodfileTester */ = {
			isa = PBXNativeTarget;
			buildConfigurationList = F6F63AEB20169F5E005582D7 /* Build configuration list for PBXNativeTarget "PodfileTester" */;
			buildPhases = (
				C89BDCE2157BE9790C237ED4 /* [CP] Check Pods Manifest.lock */,
				F6F63AD520169F5D005582D7 /* Sources */,
				F6F63AD620169F5D005582D7 /* Frameworks */,
				F6F63AD720169F5D005582D7 /* Resources */,
				0BDF9945096205D1EE0FB424 /* [CP] Embed Pods Frameworks */,
				D78F08A205CB6A5611A15AE0 /* [CP] Copy Pods Resources */,
			);
			buildRules = (
			);
			dependencies = (
			);
			name = PodfileTester;
			productName = PodfileTester;
			productReference = F6F63AD920169F5D005582D7 /* PodfileTester.app */;
			productType = "com.apple.product-type.application";
		};
/* End PBXNativeTarget section */

/* Begin PBXProject section */
		F6F63AD120169F5D005582D7 /* Project object */ = {
			isa = PBXProject;
			attributes = {
				LastSwiftUpdateCheck = 0920;
				LastUpgradeCheck = 0920;
				ORGANIZATIONNAME = "Zero Mu, LLC";
				TargetAttributes = {
					F6F63AD820169F5D005582D7 = {
						CreatedOnToolsVersion = 9.2;
						ProvisioningStyle = Automatic;
					};
				};
			};
			buildConfigurationList = F6F63AD420169F5D005582D7 /* Build configuration list for PBXProject "PodfileTester" */;
			compatibilityVersion = "Xcode 8.0";
			developmentRegion = en;
			hasScannedForEncodings = 0;
			knownRegions = (
				en,
				Base,
			);
			mainGroup = F6F63AD020169F5D005582D7;
			productRefGroup = F6F63ADA20169F5D005582D7 /* Products */;
			projectDirPath = "";
			projectRoot = "";
			targets = (
				F6F63AD820169F5D005582D7 /* PodfileTester */,
			);
		};
/* End PBXProject section */

/* Begin PBXResourcesBuildPhase section */
		F6F63AD720169F5D005582D7 /* Resources */ = {
			isa = PBXResourcesBuildPhase;
			buildActionMask = 2147483647;
			files = (
				F6F63AE720169F5E005582D7 /* LaunchScreen.storyboard in Resources */,
				F6F63AE420169F5E005582D7 /* Assets.xcassets in Resources */,
				F6F63AF12016A073005582D7 /* Podfile in Resources */,
				F6F63AE220169F5E005582D7 /* Main.storyboard in Resources */,
			);
			runOnlyForDeploymentPostprocessing = 0;
		};
/* End PBXResourcesBuildPhase section */

/* Begin PBXShellScriptBuildPhase section */
		0BDF9945096205D1EE0FB424 /* [CP] Embed Pods Frameworks */ = {
			isa = PBXShellScriptBuildPhase;
			buildActionMask = 2147483647;
			files = (
			);
			inputPaths = (
				"${SRCROOT}/Pods/Target Support Files/Pods-PodfileTester/Pods-PodfileTester-frameworks.sh",
				"${BUILT_PRODUCTS_DIR}/GaugeKit/GaugeKit.framework",
				"${BUILT_PRODUCTS_DIR}/ZMAppFoundation/ZMAppFoundation.framework",
			);
			name = "[CP] Embed Pods Frameworks";
			outputPaths = (
				"${TARGET_BUILD_DIR}/${FRAMEWORKS_FOLDER_PATH}/GaugeKit.framework",
				"${TARGET_BUILD_DIR}/${FRAMEWORKS_FOLDER_PATH}/ZMAppFoundation.framework",
			);
			runOnlyForDeploymentPostprocessing = 0;
			shellPath = /bin/sh;
			shellScript = "\"${SRCROOT}/Pods/Target Support Files/Pods-PodfileTester/Pods-PodfileTester-frameworks.sh\"\n";
			showEnvVarsInLog = 0;
		};
		C89BDCE2157BE9790C237ED4 /* [CP] Check Pods Manifest.lock */ = {
			isa = PBXShellScriptBuildPhase;
			buildActionMask = 2147483647;
			files = (
			);
			inputPaths = (
				"${PODS_PODFILE_DIR_PATH}/Podfile.lock",
				"${PODS_ROOT}/Manifest.lock",
			);
			name = "[CP] Check Pods Manifest.lock";
			outputPaths = (
				"$(DERIVED_FILE_DIR)/Pods-PodfileTester-checkManifestLockResult.txt",
			);
			runOnlyForDeploymentPostprocessing = 0;
			shellPath = /bin/sh;
			shellScript = "diff \"${PODS_PODFILE_DIR_PATH}/Podfile.lock\" \"${PODS_ROOT}/Manifest.lock\" > /dev/null\nif [ $? != 0 ] ; then\n    # print error to STDERR\n    echo \"error: The sandbox is not in sync with the Podfile.lock. Run 'pod install' or update your CocoaPods installation.\" >&2\n    exit 1\nfi\n# This output is used by Xcode 'outputs' to avoid re-running this script phase.\necho \"SUCCESS\" > \"${SCRIPT_OUTPUT_FILE_0}\"\n";
			showEnvVarsInLog = 0;
		};
		D78F08A205CB6A5611A15AE0 /* [CP] Copy Pods Resources */ = {
			isa = PBXShellScriptBuildPhase;
			buildActionMask = 2147483647;
			files = (
			);
			inputPaths = (
			);
			name = "[CP] Copy Pods Resources";
			outputPaths = (
			);
			runOnlyForDeploymentPostprocessing = 0;
			shellPath = /bin/sh;
			shellScript = "\"${SRCROOT}/Pods/Target Support Files/Pods-PodfileTester/Pods-PodfileTester-resources.sh\"\n";
			showEnvVarsInLog = 0;
		};
/* End PBXShellScriptBuildPhase section */

/* Begin PBXSourcesBuildPhase section */
		F6F63AD520169F5D005582D7 /* Sources */ = {
			isa = PBXSourcesBuildPhase;
			buildActionMask = 2147483647;
			files = (
				F6F63ADF20169F5E005582D7 /* ViewController.swift in Sources */,
				F6F63ADD20169F5D005582D7 /* AppDelegate.swift in Sources */,
			);
			runOnlyForDeploymentPostprocessing = 0;
		};
/* End PBXSourcesBuildPhase section */

/* Begin PBXVariantGroup section */
		F6F63AE020169F5E005582D7 /* Main.storyboard */ = {
			isa = PBXVariantGroup;
			children = (
				F6F63AE120169F5E005582D7 /* Base */,
			);
			name = Main.storyboard;
			sourceTree = "<group>";
		};
		F6F63AE520169F5E005582D7 /* LaunchScreen.storyboard */ = {
			isa = PBXVariantGroup;
			children = (
				F6F63AE620169F5E005582D7 /* Base */,
			);
			name = LaunchScreen.storyboard;
			sourceTree = "<group>";
		};
/* End PBXVariantGroup section */

/* Begin XCBuildConfiguration section */
		F6F63AE920169F5E005582D7 /* Debug */ = {
			isa = XCBuildConfiguration;
			buildSettings = {
				ALWAYS_SEARCH_USER_PATHS = NO;
				CLANG_ANALYZER_NONNULL = YES;
				CLANG_ANALYZER_NUMBER_OBJECT_CONVERSION = YES_AGGRESSIVE;
				CLANG_CXX_LANGUAGE_STANDARD = "gnu++14";
				CLANG_CXX_LIBRARY = "libc++";
				CLANG_ENABLE_MODULES = YES;
				CLANG_ENABLE_OBJC_ARC = YES;
				CLANG_WARN_BLOCK_CAPTURE_AUTORELEASING = YES;
				CLANG_WARN_BOOL_CONVERSION = YES;
				CLANG_WARN_COMMA = YES;
				CLANG_WARN_CONSTANT_CONVERSION = YES;
				CLANG_WARN_DIRECT_OBJC_ISA_USAGE = YES_ERROR;
				CLANG_WARN_DOCUMENTATION_COMMENTS = YES;
				CLANG_WARN_EMPTY_BODY = YES;
				CLANG_WARN_ENUM_CONVERSION = YES;
				CLANG_WARN_INFINITE_RECURSION = YES;
				CLANG_WARN_INT_CONVERSION = YES;
				CLANG_WARN_NON_LITERAL_NULL_CONVERSION = YES;
				CLANG_WARN_OBJC_LITERAL_CONVERSION = YES;
				CLANG_WARN_OBJC_ROOT_CLASS = YES_ERROR;
				CLANG_WARN_RANGE_LOOP_ANALYSIS = YES;
				CLANG_WARN_STRICT_PROTOTYPES = YES;
				CLANG_WARN_SUSPICIOUS_MOVE = YES;
				CLANG_WARN_UNGUARDED_AVAILABILITY = YES_AGGRESSIVE;
				CLANG_WARN_UNREACHABLE_CODE = YES;
				CLANG_WARN__DUPLICATE_METHOD_MATCH = YES;
				CODE_SIGN_IDENTITY = "iPhone Developer";
				COPY_PHASE_STRIP = NO;
				DEBUG_INFORMATION_FORMAT = dwarf;
				ENABLE_STRICT_OBJC_MSGSEND = YES;
				ENABLE_TESTABILITY = YES;
				GCC_C_LANGUAGE_STANDARD = gnu11;
				GCC_DYNAMIC_NO_PIC = NO;
				GCC_NO_COMMON_BLOCKS = YES;
				GCC_OPTIMIZATION_LEVEL = 0;
				GCC_PREPROCESSOR_DEFINITIONS = (
					"DEBUG=1",
					"$(inherited)",
				);
				GCC_WARN_64_TO_32_BIT_CONVERSION = YES;
				GCC_WARN_ABOUT_RETURN_TYPE = YES_ERROR;
				GCC_WARN_UNDECLARED_SELECTOR = YES;
				GCC_WARN_UNINITIALIZED_AUTOS = YES_AGGRESSIVE;
				GCC_WARN_UNUSED_FUNCTION = YES;
				GCC_WARN_UNUSED_VARIABLE = YES;
				IPHONEOS_DEPLOYMENT_TARGET = 11.2;
				MTL_ENABLE_DEBUG_INFO = YES;
				ONLY_ACTIVE_ARCH = YES;
				SDKROOT = iphoneos;
				SWIFT_ACTIVE_COMPILATION_CONDITIONS = DEBUG;
				SWIFT_OPTIMIZATION_LEVEL = "-Onone";
			};
			name = Debug;
		};
		F6F63AEA20169F5E005582D7 /* Release */ = {
			isa = XCBuildConfiguration;
			buildSettings = {
				ALWAYS_SEARCH_USER_PATHS = NO;
				CLANG_ANALYZER_NONNULL = YES;
				CLANG_ANALYZER_NUMBER_OBJECT_CONVERSION = YES_AGGRESSIVE;
				CLANG_CXX_LANGUAGE_STANDARD = "gnu++14";
				CLANG_CXX_LIBRARY = "libc++";
				CLANG_ENABLE_MODULES = YES;
				CLANG_ENABLE_OBJC_ARC = YES;
				CLANG_WARN_BLOCK_CAPTURE_AUTORELEASING = YES;
				CLANG_WARN_BOOL_CONVERSION = YES;
				CLANG_WARN_COMMA = YES;
				CLANG_WARN_CONSTANT_CONVERSION = YES;
				CLANG_WARN_DIRECT_OBJC_ISA_USAGE = YES_ERROR;
				CLANG_WARN_DOCUMENTATION_COMMENTS = YES;
				CLANG_WARN_EMPTY_BODY = YES;
				CLANG_WARN_ENUM_CONVERSION = YES;
				CLANG_WARN_INFINITE_RECURSION = YES;
				CLANG_WARN_INT_CONVERSION = YES;
				CLANG_WARN_NON_LITERAL_NULL_CONVERSION = YES;
				CLANG_WARN_OBJC_LITERAL_CONVERSION = YES;
				CLANG_WARN_OBJC_ROOT_CLASS = YES_ERROR;
				CLANG_WARN_RANGE_LOOP_ANALYSIS = YES;
				CLANG_WARN_STRICT_PROTOTYPES = YES;
				CLANG_WARN_SUSPICIOUS_MOVE = YES;
				CLANG_WARN_UNGUARDED_AVAILABILITY = YES_AGGRESSIVE;
				CLANG_WARN_UNREACHABLE_CODE = YES;
				CLANG_WARN__DUPLICATE_METHOD_MATCH = YES;
				CODE_SIGN_IDENTITY = "iPhone Developer";
				COPY_PHASE_STRIP = NO;
				DEBUG_INFORMATION_FORMAT = "dwarf-with-dsym";
				ENABLE_NS_ASSERTIONS = NO;
				ENABLE_STRICT_OBJC_MSGSEND = YES;
				GCC_C_LANGUAGE_STANDARD = gnu11;
				GCC_NO_COMMON_BLOCKS = YES;
				GCC_WARN_64_TO_32_BIT_CONVERSION = YES;
				GCC_WARN_ABOUT_RETURN_TYPE = YES_ERROR;
				GCC_WARN_UNDECLARED_SELECTOR = YES;
				GCC_WARN_UNINITIALIZED_AUTOS = YES_AGGRESSIVE;
				GCC_WARN_UNUSED_FUNCTION = YES;
				GCC_WARN_UNUSED_VARIABLE = YES;
				IPHONEOS_DEPLOYMENT_TARGET = 11.2;
				MTL_ENABLE_DEBUG_INFO = NO;
				SDKROOT = iphoneos;
				SWIFT_OPTIMIZATION_LEVEL = "-Owholemodule";
				VALIDATE_PRODUCT = YES;
			};
			name = Release;
		};
		F6F63AEC20169F5E005582D7 /* Debug */ = {
			isa = XCBuildConfiguration;
			baseConfigurationReference = AADAFE53AD6C422A02D3DD77 /* Pods-PodfileTester.debug.xcconfig */;
			buildSettings = {
				ASSETCATALOG_COMPILER_APPICON_NAME = AppIcon;
				CODE_SIGN_STYLE = Automatic;
				DEVELOPMENT_TEAM = 37R6UV3BWH;
				INFOPLIST_FILE = PodfileTester/Info.plist;
				LD_RUNPATH_SEARCH_PATHS = "$(inherited) @executable_path/Frameworks";
				PRODUCT_BUNDLE_IDENTIFIER = com.zeromuwebservices.PodfileTester;
				PRODUCT_NAME = "$(TARGET_NAME)";
				SWIFT_VERSION = 4.0;
				TARGETED_DEVICE_FAMILY = "1,2";
			};
			name = Debug;
		};
		F6F63AED20169F5E005582D7 /* Release */ = {
			isa = XCBuildConfiguration;
			baseConfigurationReference = 277F22599C479FD04CB19223 /* Pods-PodfileTester.release.xcconfig */;
			buildSettings = {
				ASSETCATALOG_COMPILER_APPICON_NAME = AppIcon;
				CODE_SIGN_STYLE = Automatic;
				DEVELOPMENT_TEAM = 37R6UV3BWH;
				INFOPLIST_FILE = PodfileTester/Info.plist;
				LD_RUNPATH_SEARCH_PATHS = "$(inherited) @executable_path/Frameworks";
				PRODUCT_BUNDLE_IDENTIFIER = com.zeromuwebservices.PodfileTester;
				PRODUCT_NAME = "$(TARGET_NAME)";
				SWIFT_VERSION = 4.0;
				TARGETED_DEVICE_FAMILY = "1,2";
			};
			name = Release;
		};
/* End XCBuildConfiguration section */

/* Begin XCConfigurationList section */
		F6F63AD420169F5D005582D7 /* Build configuration list for PBXProject "PodfileTester" */ = {
			isa = XCConfigurationList;
			buildConfigurations = (
				F6F63AE920169F5E005582D7 /* Debug */,
				F6F63AEA20169F5E005582D7 /* Release */,
			);
			defaultConfigurationIsVisible = 0;
			defaultConfigurationName = Release;
		};
		F6F63AEB20169F5E005582D7 /* Build configuration list for PBXNativeTarget "PodfileTester" */ = {
			isa = XCConfigurationList;
			buildConfigurations = (
				F6F63AEC20169F5E005582D7 /* Debug */,
				F6F63AED20169F5E005582D7 /* Release */,
			);
			defaultConfigurationIsVisible = 0;
			defaultConfigurationName = Release;
		};
/* End XCConfigurationList section */
	};
	rootObject = F6F63AD120169F5D005582D7 /* Project object */;
}
